
Microsoft Visual Studio Solution File, Format Version 12.00
# Visual Studio 14
VisualStudioVersion = 14.0.24720.0
MinimumVisualStudioVersion = 10.0.40219.1
Project("{FAE04EC0-301F-11D3-BF4B-00C04F79EFBC}") = "QuanLyKhachSan", "QuanLyKhachSan\QuanLyKhachSan.csproj", "{1F45F81C-83B6-41E4-AEC0-DFE66082E558}"
EndProject
Project("{FAE04EC0-301F-11D3-BF4B-00C04F79EFBC}") = "BUS", "BUS\BUS.csproj", "{79353898-13C9-4271-8A66-6E7F21538EC1}"
EndProject
Project("{FAE04EC0-301F-11D3-BF4B-00C04F79EFBC}") = "DAO", "DAO\DAO.csproj", "{CE929E61-4DA0-4DC8-B739-63192FF1E794}"
EndProject
Project("{FAE04EC0-301F-11D3-BF4B-00C04F79EFBC}") = "DTO", "DTO\DTO.csproj", "{5B3A128A-F1E0-42B2-AA28-CC29903CAEAC}"
EndProject
Global
	GlobalSection(SolutionConfigurationPlatforms) = preSolution
		Debug|Any CPU = Debug|Any CPU
		Release|Any CPU = Release|Any CPU
	EndGlobalSection
	GlobalSection(ProjectConfigurationPlatforms) = postSolution
		{1F45F81C-83B6-41E4-AEC0-DFE66082E558}.Debug|Any CPU.ActiveCfg = Debug|Any CPU
		{1F45F81C-83B6-41E4-AEC0-DFE66082E558}.Debug|Any CPU.Build.0 = Debug|Any CPU
		{1F45F81C-83B6-41E4-AEC0-DFE66082E558}.Release|Any CPU.ActiveCfg = Release|Any CPU
		{1F45F81C-83B6-41E4-AEC0-DFE66082E558}.Release|Any CPU.Build.0 = Release|Any CPU
		{79353898-13C9-4271-8A66-6E7F21538EC1}.Debug|Any CPU.ActiveCfg = Debug|Any CPU
		{79353898-13C9-4271-8A66-6E7F21538EC1}.Debug|Any CPU.Build.0 = Debug|Any CPU
		{79353898-13C9-4271-8A66-6E7F21538EC1}.Release|Any CPU.ActiveCfg = Release|Any CPU
		{79353898-13C9-4271-8A66-6E7F21538EC1}.Release|Any CPU.Build.0 = Release|Any CPU
		{CE929E61-4DA0-4DC8-B739-63192FF1E794}.Debug|Any CPU.ActiveCfg = Debug|Any CPU
		{CE929E61-4DA0-4DC8-B739-63192FF1E794}.Debug|Any CPU.Build.0 = Debug|Any CPU
		{CE929E61-4DA0-4DC8-B739-63192FF1E794}.Release|Any CPU.ActiveCfg = Release|Any CPU
		{CE929E61-4DA0-4DC8-B739-63192FF1E794}.Release|Any CPU.Build.0 = Release|Any CPU
		{5B3A128A-F1E0-42B2-AA28-CC29903CAEAC}.Debug|Any CPU.ActiveCfg = Debug|Any CPU
		{5B3A128A-F1E0-42B2-AA28-CC29903CAEAC}.Debug|Any CPU.Build.0 = Debug|Any CPU
		{5B3A128A-F1E0-42B2-AA28-CC29903CAEAC}.Release|Any CPU.ActiveCfg = Release|Any CPU
		{5B3A128A-F1E0-42B2-AA28-CC29903CAEAC}.Release|Any CPU.Build.0 = Release|Any CPU
	EndGlobalSection
	GlobalSection(SolutionProperties) = preSolution
		HideSolutionNode = FALSE
	EndGlobalSection
EndGlobal
